
Microsoft Visual Studio Solution File, Format Version 12.00
# Visual Studio Version 16
VisualStudioVersion = 16.0.29806.167
MinimumVisualStudioVersion = 10.0.40219.1
Project("{9A19103F-16F7-4668-BE54-9A1E7A4F7556}") = "BookStore.API", "BookStore.API\BookStore.API.csproj", "{B178BAEC-0CC1-4362-A886-3FD2F123FE4A}"
EndProject
Global
	GlobalSection(SolutionConfigurationPlatforms) = preSolution
		Debug|Any CPU = Debug|Any CPU
		Release|Any CPU = Release|Any CPU
	EndGlobalSection
	GlobalSection(ProjectConfigurationPlatforms) = postSolution
		{B178BAEC-0CC1-4362-A886-3FD2F123FE4A}.Debug|Any CPU.ActiveCfg = Debug|Any CPU
		{B178BAEC-0CC1-4362-A886-3FD2F123FE4A}.Debug|Any CPU.Build.0 = Debug|Any CPU
		{B178BAEC-0CC1-4362-A886-3FD2F123FE4A}.Release|Any CPU.ActiveCfg = Release|Any CPU
		{B178BAEC-0CC1-4362-A886-3FD2F123FE4A}.Release|Any CPU.Build.0 = Release|Any CPU
	EndGlobalSection
	GlobalSection(SolutionProperties) = preSolution
		HideSolutionNode = FALSE
	EndGlobalSection
	GlobalSection(ExtensibilityGlobals) = postSolution
		SolutionGuid = {BFE9AD2F-66D1-4198-976C-55BC1A5D8725}
	EndGlobalSection
EndGlobal
